// !$*UTF8*$!
{
	archiveVersion = 1;
	classes = {
	};
	objectVersion = 46;
	objects = {

/* Begin PBXBuildFile section */
		29F7D8401876BE7900FF997A /* UIKit.framework in Frameworks */ = {isa = PBXBuildFile; fileRef = 29F7D83F1876BE7900FF997A /* UIKit.framework */; };
		29F7D8421876BE7900FF997A /* Foundation.framework in Frameworks */ = {isa = PBXBuildFile; fileRef = 29F7D8411876BE7900FF997A /* Foundation.framework */; };
		29F7D8441876BE7900FF997A /* CoreGraphics.framework in Frameworks */ = {isa = PBXBuildFile; fileRef = 29F7D8431876BE7900FF997A /* CoreGraphics.framework */; };
		29F7D84A1876BE7900FF997A /* InfoPlist.strings in Resources */ = {isa = PBXBuildFile; fileRef = 29F7D8481876BE7900FF997A /* InfoPlist.strings */; };
		29F7D84C1876BE7900FF997A /* main.m in Sources */ = {isa = PBXBuildFile; fileRef = 29F7D84B1876BE7900FF997A /* main.m */; };
		29F7D8501876BE7900FF997A /* AppDelegate.m in Sources */ = {isa = PBXBuildFile; fileRef = 29F7D84F1876BE7900FF997A /* AppDelegate.m */; };
		29F7D8521876BE7900FF997A /* Default.png in Resources */ = {isa = PBXBuildFile; fileRef = 29F7D8511876BE7900FF997A /* Default.png */; };
		29F7D8541876BE7900FF997A /* Default@2x.png in Resources */ = {isa = PBXBuildFile; fileRef = 29F7D8531876BE7900FF997A /* Default@2x.png */; };
		29F7D8561876BE7900FF997A /* Default-568h@2x.png in Resources */ = {isa = PBXBuildFile; fileRef = 29F7D8551876BE7900FF997A /* Default-568h@2x.png */; };
		29F7D8691876C4B800FF997A /* Security.framework in Frameworks */ = {isa = PBXBuildFile; fileRef = 29F7D8681876C4B800FF997A /* Security.framework */; };
		29F7D86B1876C4C100FF997A /* OpenGLES.framework in Frameworks */ = {isa = PBXBuildFile; fileRef = 29F7D86A1876C4C100FF997A /* OpenGLES.framework */; };
		29F7D86D1876C4CF00FF997A /* MobileCoreServices.framework in Frameworks */ = {isa = PBXBuildFile; fileRef = 29F7D86C1876C4CF00FF997A /* MobileCoreServices.framework */; };
		29F7D86F1876C4E500FF997A /* MediaPlayer.framework in Frameworks */ = {isa = PBXBuildFile; fileRef = 29F7D86E1876C4E500FF997A /* MediaPlayer.framework */; };
		29F7D8711876C4ED00FF997A /* QuartzCore.framework in Frameworks */ = {isa = PBXBuildFile; fileRef = 29F7D8701876C4ED00FF997A /* QuartzCore.framework */; };
		29F7D8731876C4F600FF997A /* libz.dylib in Frameworks */ = {isa = PBXBuildFile; fileRef = 29F7D8721876C4F600FF997A /* libz.dylib */; };
		29F7D8751876C50000FF997A /* libc++.dylib in Frameworks */ = {isa = PBXBuildFile; fileRef = 29F7D8741876C50000FF997A /* libc++.dylib */; };
		29F7D8771876C50700FF997A /* CoreText.framework in Frameworks */ = {isa = PBXBuildFile; fileRef = 29F7D8761876C50700FF997A /* CoreText.framework */; };
		29F7D8791876C51300FF997A /* CoreLocation.framework in Frameworks */ = {isa = PBXBuildFile; fileRef = 29F7D8781876C51300FF997A /* CoreLocation.framework */; };
		29F7D87B1876C58A00FF997A /* ArcGIS.bundle in Resources */ = {isa = PBXBuildFile; fileRef = 29F7D87A1876C58A00FF997A /* ArcGIS.bundle */; };
		29F7D87E1876C87300FF997A /* CustomNavigationController.m in Sources */ = {isa = PBXBuildFile; fileRef = 29F7D87D1876C87300FF997A /* CustomNavigationController.m */; };
/* End PBXBuildFile section */

/* Begin PBXFileReference section */
		29F7D83C1876BE7900FF997A /* BreguetRoutingPrototype.app */ = {isa = PBXFileReference; explicitFileType = wrapper.application; includeInIndex = 0; path = BreguetRoutingPrototype.app; sourceTree = BUILT_PRODUCTS_DIR; };
		29F7D83F1876BE7900FF997A /* UIKit.framework */ = {isa = PBXFileReference; lastKnownFileType = wrapper.framework; name = UIKit.framework; path = System/Library/Frameworks/UIKit.framework; sourceTree = SDKROOT; };
		29F7D8411876BE7900FF997A /* Foundation.framework */ = {isa = PBXFileReference; lastKnownFileType = wrapper.framework; name = Foundation.framework; path = System/Library/Frameworks/Foundation.framework; sourceTree = SDKROOT; };
		29F7D8431876BE7900FF997A /* CoreGraphics.framework */ = {isa = PBXFileReference; lastKnownFileType = wrapper.framework; name = CoreGraphics.framework; path = System/Library/Frameworks/CoreGraphics.framework; sourceTree = SDKROOT; };
		29F7D8471876BE7900FF997A /* BreguetRoutingPrototype-Info.plist */ = {isa = PBXFileReference; lastKnownFileType = text.plist.xml; path = "BreguetRoutingPrototype-Info.plist"; sourceTree = "<group>"; };
		29F7D8491876BE7900FF997A /* en */ = {isa = PBXFileReference; lastKnownFileType = text.plist.strings; name = en; path = en.lproj/InfoPlist.strings; sourceTree = "<group>"; };
		29F7D84B1876BE7900FF997A /* main.m */ = {isa = PBXFileReference; lastKnownFileType = sourcecode.c.objc; path = main.m; sourceTree = "<group>"; };
		29F7D84D1876BE7900FF997A /* BreguetRoutingPrototype-Prefix.pch */ = {isa = PBXFileReference; lastKnownFileType = sourcecode.c.h; path = "BreguetRoutingPrototype-Prefix.pch"; sourceTree = "<group>"; };
		29F7D84E1876BE7900FF997A /* AppDelegate.h */ = {isa = PBXFileReference; lastKnownFileType = sourcecode.c.h; path = AppDelegate.h; sourceTree = "<group>"; };
		29F7D84F1876BE7900FF997A /* AppDelegate.m */ = {isa = PBXFileReference; lastKnownFileType = sourcecode.c.objc; path = AppDelegate.m; sourceTree = "<group>"; };
		29F7D8511876BE7900FF997A /* Default.png */ = {isa = PBXFileReference; lastKnownFileType = image.png; path = Default.png; sourceTree = "<group>"; };
		29F7D8531876BE7900FF997A /* Default@2x.png */ = {isa = PBXFileReference; lastKnownFileType = image.png; path = "Default@2x.png"; sourceTree = "<group>"; };
		29F7D8551876BE7900FF997A /* Default-568h@2x.png */ = {isa = PBXFileReference; lastKnownFileType = image.png; path = "Default-568h@2x.png"; sourceTree = "<group>"; };
		29F7D8681876C4B800FF997A /* Security.framework */ = {isa = PBXFileReference; lastKnownFileType = wrapper.framework; name = Security.framework; path = System/Library/Frameworks/Security.framework; sourceTree = SDKROOT; };
		29F7D86A1876C4C100FF997A /* OpenGLES.framework */ = {isa = PBXFileReference; lastKnownFileType = wrapper.framework; name = OpenGLES.framework; path = System/Library/Frameworks/OpenGLES.framework; sourceTree = SDKROOT; };
		29F7D86C1876C4CF00FF997A /* MobileCoreServices.framework */ = {isa = PBXFileReference; lastKnownFileType = wrapper.framework; name = MobileCoreServices.framework; path = System/Library/Frameworks/MobileCoreServices.framework; sourceTree = SDKROOT; };
		29F7D86E1876C4E500FF997A /* MediaPlayer.framework */ = {isa = PBXFileReference; lastKnownFileType = wrapper.framework; name = MediaPlayer.framework; path = System/Library/Frameworks/MediaPlayer.framework; sourceTree = SDKROOT; };
		29F7D8701876C4ED00FF997A /* QuartzCore.framework */ = {isa = PBXFileReference; lastKnownFileType = wrapper.framework; name = QuartzCore.framework; path = System/Library/Frameworks/QuartzCore.framework; sourceTree = SDKROOT; };
		29F7D8721876C4F600FF997A /* libz.dylib */ = {isa = PBXFileReference; lastKnownFileType = "compiled.mach-o.dylib"; name = libz.dylib; path = usr/lib/libz.dylib; sourceTree = SDKROOT; };
		29F7D8741876C50000FF997A /* libc++.dylib */ = {isa = PBXFileReference; lastKnownFileType = "compiled.mach-o.dylib"; name = "libc++.dylib"; path = "usr/lib/libc++.dylib"; sourceTree = SDKROOT; };
		29F7D8761876C50700FF997A /* CoreText.framework */ = {isa = PBXFileReference; lastKnownFileType = wrapper.framework; name = CoreText.framework; path = System/Library/Frameworks/CoreText.framework; sourceTree = SDKROOT; };
		29F7D8781876C51300FF997A /* CoreLocation.framework */ = {isa = PBXFileReference; lastKnownFileType = wrapper.framework; name = CoreLocation.framework; path = System/Library/Frameworks/CoreLocation.framework; sourceTree = SDKROOT; };
		29F7D87A1876C58A00FF997A /* ArcGIS.bundle */ = {isa = PBXFileReference; lastKnownFileType = "wrapper.plug-in"; path = ArcGIS.bundle; sourceTree = "<group>"; };
		29F7D87C1876C87300FF997A /* CustomNavigationController.h */ = {isa = PBXFileReference; fileEncoding = 4; lastKnownFileType = sourcecode.c.h; path = CustomNavigationController.h; sourceTree = "<group>"; };
		29F7D87D1876C87300FF997A /* CustomNavigationController.m */ = {isa = PBXFileReference; fileEncoding = 4; lastKnownFileType = sourcecode.c.objc; path = CustomNavigationController.m; sourceTree = "<group>"; };
/* End PBXFileReference section */

/* Begin PBXFrameworksBuildPhase section */
		29F7D8391876BE7900FF997A /* Frameworks */ = {
			isa = PBXFrameworksBuildPhase;
			buildActionMask = 2147483647;
			files = (
				29F7D8791876C51300FF997A /* CoreLocation.framework in Frameworks */,
				29F7D8771876C50700FF997A /* CoreText.framework in Frameworks */,
				29F7D8751876C50000FF997A /* libc++.dylib in Frameworks */,
				29F7D8731876C4F600FF997A /* libz.dylib in Frameworks */,
				29F7D8711876C4ED00FF997A /* QuartzCore.framework in Frameworks */,
				29F7D86F1876C4E500FF997A /* MediaPlayer.framework in Frameworks */,
				29F7D86D1876C4CF00FF997A /* MobileCoreServices.framework in Frameworks */,
				29F7D86B1876C4C100FF997A /* OpenGLES.framework in Frameworks */,
				29F7D8691876C4B800FF997A /* Security.framework in Frameworks */,
				29F7D8401876BE7900FF997A /* UIKit.framework in Frameworks */,
				29F7D8421876BE7900FF997A /* Foundation.framework in Frameworks */,
				29F7D8441876BE7900FF997A /* CoreGraphics.framework in Frameworks */,
			);
			runOnlyForDeploymentPostprocessing = 0;
		};
/* End PBXFrameworksBuildPhase section */

/* Begin PBXGroup section */
		29F7D8331876BE7900FF997A = {
			isa = PBXGroup;
			children = (
				29F7D8451876BE7900FF997A /* BreguetRoutingPrototype */,
				29F7D83E1876BE7900FF997A /* Frameworks */,
				29F7D83D1876BE7900FF997A /* Products */,
			);
			sourceTree = "<group>";
		};
		29F7D83D1876BE7900FF997A /* Products */ = {
			isa = PBXGroup;
			children = (
				29F7D83C1876BE7900FF997A /* BreguetRoutingPrototype.app */,
			);
			name = Products;
			sourceTree = "<group>";
		};
		29F7D83E1876BE7900FF997A /* Frameworks */ = {
			isa = PBXGroup;
			children = (
				29F7D8781876C51300FF997A /* CoreLocation.framework */,
				29F7D8761876C50700FF997A /* CoreText.framework */,
				29F7D8741876C50000FF997A /* libc++.dylib */,
				29F7D8721876C4F600FF997A /* libz.dylib */,
				29F7D8701876C4ED00FF997A /* QuartzCore.framework */,
				29F7D86E1876C4E500FF997A /* MediaPlayer.framework */,
				29F7D86C1876C4CF00FF997A /* MobileCoreServices.framework */,
				29F7D86A1876C4C100FF997A /* OpenGLES.framework */,
				29F7D8681876C4B800FF997A /* Security.framework */,
				29F7D83F1876BE7900FF997A /* UIKit.framework */,
				29F7D8411876BE7900FF997A /* Foundation.framework */,
				29F7D8431876BE7900FF997A /* CoreGraphics.framework */,
			);
			name = Frameworks;
			sourceTree = "<group>";
		};
		29F7D8451876BE7900FF997A /* BreguetRoutingPrototype */ = {
			isa = PBXGroup;
			children = (
				29F7D85C1876C37200FF997A /* core */,
				29F7D85E1876C37D00FF997A /* views */,
				29F7D85D1876C37700FF997A /* resources */,
				29F7D85F1876C38200FF997A /* config */,
				29F7D84E1876BE7900FF997A /* AppDelegate.h */,
				29F7D84F1876BE7900FF997A /* AppDelegate.m */,
				29F7D84B1876BE7900FF997A /* main.m */,
			);
			path = BreguetRoutingPrototype;
			sourceTree = "<group>";
		};
		29F7D85C1876C37200FF997A /* core */ = {
			isa = PBXGroup;
			children = (
				29F7D8631876C41400FF997A /* models */,
				29F7D8621876C40900FF997A /* queries */,
				29F7D8611876C3FD00FF997A /* system */,
			);
			name = core;
			sourceTree = "<group>";
		};
		29F7D85D1876C37700FF997A /* resources */ = {
			isa = PBXGroup;
			children = (
				29F7D87A1876C58A00FF997A /* ArcGIS.bundle */,
				29F7D8601876C3BD00FF997A /* images */,
			);
			name = resources;
			sourceTree = "<group>";
		};
		29F7D85E1876C37D00FF997A /* views */ = {
			isa = PBXGroup;
			children = (
				29F7D8671876C44900FF997A /* shared */,
				29F7D8661876C43200FF997A /* controllers */,
				29F7D8651876C42B00FF997A /* customcells */,
				29F7D8641876C42300FF997A /* nibs */,
			);
			name = views;
			sourceTree = "<group>";
		};
		29F7D85F1876C38200FF997A /* config */ = {
			isa = PBXGroup;
			children = (
				29F7D8471876BE7900FF997A /* BreguetRoutingPrototype-Info.plist */,
				29F7D8481876BE7900FF997A /* InfoPlist.strings */,
				29F7D84D1876BE7900FF997A /* BreguetRoutingPrototype-Prefix.pch */,
			);
			name = config;
			sourceTree = "<group>";
		};
		29F7D8601876C3BD00FF997A /* images */ = {
			isa = PBXGroup;
			children = (
				29F7D8511876BE7900FF997A /* Default.png */,
				29F7D8531876BE7900FF997A /* Default@2x.png */,
				29F7D8551876BE7900FF997A /* Default-568h@2x.png */,
			);
			name = images;
			sourceTree = "<group>";
		};
		29F7D8611876C3FD00FF997A /* system */ = {
			isa = PBXGroup;
			children = (
				29F7D87C1876C87300FF997A /* CustomNavigationController.h */,
				29F7D87D1876C87300FF997A /* CustomNavigationController.m */,
			);
			name = system;
			sourceTree = "<group>";
		};
		29F7D8621876C40900FF997A /* queries */ = {
			isa = PBXGroup;
			children = (
			);
			name = queries;
			sourceTree = "<group>";
		};
		29F7D8631876C41400FF997A /* models */ = {
			isa = PBXGroup;
			children = (
			);
			name = models;
			sourceTree = "<group>";
		};
		29F7D8641876C42300FF997A /* nibs */ = {
			isa = PBXGroup;
			children = (
			);
			name = nibs;
			sourceTree = "<group>";
		};
		29F7D8651876C42B00FF997A /* customcells */ = {
			isa = PBXGroup;
			children = (
			);
			name = customcells;
			sourceTree = "<group>";
		};
		29F7D8661876C43200FF997A /* controllers */ = {
			isa = PBXGroup;
			children = (
			);
			name = controllers;
			sourceTree = "<group>";
		};
		29F7D8671876C44900FF997A /* shared */ = {
			isa = PBXGroup;
			children = (
			);
			name = shared;
			sourceTree = "<group>";
		};
/* End PBXGroup section */

/* Begin PBXNativeTarget section */
		29F7D83B1876BE7900FF997A /* BreguetRoutingPrototype */ = {
			isa = PBXNativeTarget;
			buildConfigurationList = 29F7D8591876BE7900FF997A /* Build configuration list for PBXNativeTarget "BreguetRoutingPrototype" */;
			buildPhases = (
				29F7D8381876BE7900FF997A /* Sources */,
				29F7D8391876BE7900FF997A /* Frameworks */,
				29F7D83A1876BE7900FF997A /* Resources */,
			);
			buildRules = (
			);
			dependencies = (
			);
			name = BreguetRoutingPrototype;
			productName = BreguetRoutingPrototype;
			productReference = 29F7D83C1876BE7900FF997A /* BreguetRoutingPrototype.app */;
			productType = "com.apple.product-type.application";
		};
/* End PBXNativeTarget section */

/* Begin PBXProject section */
		29F7D8341876BE7900FF997A /* Project object */ = {
			isa = PBXProject;
			attributes = {
				LastUpgradeCheck = 0460;
				ORGANIZATIONNAME = leafit;
			};
			buildConfigurationList = 29F7D8371876BE7900FF997A /* Build configuration list for PBXProject "BreguetRoutingPrototype" */;
			compatibilityVersion = "Xcode 3.2";
			developmentRegion = English;
			hasScannedForEncodings = 0;
			knownRegions = (
				en,
			);
			mainGroup = 29F7D8331876BE7900FF997A;
			productRefGroup = 29F7D83D1876BE7900FF997A /* Products */;
			projectDirPath = "";
			projectRoot = "";
			targets = (
				29F7D83B1876BE7900FF997A /* BreguetRoutingPrototype */,
			);
		};
/* End PBXProject section */

/* Begin PBXResourcesBuildPhase section */
		29F7D83A1876BE7900FF997A /* Resources */ = {
			isa = PBXResourcesBuildPhase;
			buildActionMask = 2147483647;
			files = (
				29F7D84A1876BE7900FF997A /* InfoPlist.strings in Resources */,
				29F7D8521876BE7900FF997A /* Default.png in Resources */,
				29F7D8541876BE7900FF997A /* Default@2x.png in Resources */,
				29F7D8561876BE7900FF997A /* Default-568h@2x.png in Resources */,
				29F7D87B1876C58A00FF997A /* ArcGIS.bundle in Resources */,
			);
			runOnlyForDeploymentPostprocessing = 0;
		};
/* End PBXResourcesBuildPhase section */

/* Begin PBXSourcesBuildPhase section */
		29F7D8381876BE7900FF997A /* Sources */ = {
			isa = PBXSourcesBuildPhase;
			buildActionMask = 2147483647;
			files = (
				29F7D84C1876BE7900FF997A /* main.m in Sources */,
				29F7D8501876BE7900FF997A /* AppDelegate.m in Sources */,
				29F7D87E1876C87300FF997A /* CustomNavigationController.m in Sources */,
			);
			runOnlyForDeploymentPostprocessing = 0;
		};
/* End PBXSourcesBuildPhase section */

/* Begin PBXVariantGroup section */
		29F7D8481876BE7900FF997A /* InfoPlist.strings */ = {
			isa = PBXVariantGroup;
			children = (
				29F7D8491876BE7900FF997A /* en */,
			);
			name = InfoPlist.strings;
			sourceTree = "<group>";
		};
/* End PBXVariantGroup section */

/* Begin XCBuildConfiguration section */
		29F7D8571876BE7900FF997A /* Debug */ = {
			isa = XCBuildConfiguration;
			buildSettings = {
				ALWAYS_SEARCH_USER_PATHS = NO;
				CLANG_CXX_LANGUAGE_STANDARD = "gnu++0x";
				CLANG_CXX_LIBRARY = "libc++";
				CLANG_ENABLE_OBJC_ARC = YES;
				CLANG_WARN_CONSTANT_CONVERSION = YES;
				CLANG_WARN_EMPTY_BODY = YES;
				CLANG_WARN_ENUM_CONVERSION = YES;
				CLANG_WARN_INT_CONVERSION = YES;
				CLANG_WARN__DUPLICATE_METHOD_MATCH = YES;
				"CODE_SIGN_IDENTITY[sdk=iphoneos*]" = "iPhone Developer";
				COPY_PHASE_STRIP = NO;
				GCC_C_LANGUAGE_STANDARD = gnu99;
				GCC_DYNAMIC_NO_PIC = NO;
				GCC_OPTIMIZATION_LEVEL = 0;
				GCC_PREPROCESSOR_DEFINITIONS = (
					"DEBUG=1",
					"$(inherited)",
				);
				GCC_SYMBOLS_PRIVATE_EXTERN = NO;
				GCC_WARN_ABOUT_RETURN_TYPE = YES;
				GCC_WARN_UNINITIALIZED_AUTOS = YES;
				GCC_WARN_UNUSED_VARIABLE = YES;
				IPHONEOS_DEPLOYMENT_TARGET = 6.1;
				ONLY_ACTIVE_ARCH = YES;
				SDKROOT = iphoneos;
			};
			name = Debug;
		};
		29F7D8581876BE7900FF997A /* Release */ = {
			isa = XCBuildConfiguration;
			buildSettings = {
				ALWAYS_SEARCH_USER_PATHS = NO;
				CLANG_CXX_LANGUAGE_STANDARD = "gnu++0x";
				CLANG_CXX_LIBRARY = "libc++";
				CLANG_ENABLE_OBJC_ARC = YES;
				CLANG_WARN_CONSTANT_CONVERSION = YES;
				CLANG_WARN_EMPTY_BODY = YES;
				CLANG_WARN_ENUM_CONVERSION = YES;
				CLANG_WARN_INT_CONVERSION = YES;
				CLANG_WARN__DUPLICATE_METHOD_MATCH = YES;
				"CODE_SIGN_IDENTITY[sdk=iphoneos*]" = "iPhone Developer";
				COPY_PHASE_STRIP = YES;
				GCC_C_LANGUAGE_STANDARD = gnu99;
				GCC_WARN_ABOUT_RETURN_TYPE = YES;
				GCC_WARN_UNINITIALIZED_AUTOS = YES;
				GCC_WARN_UNUSED_VARIABLE = YES;
				IPHONEOS_DEPLOYMENT_TARGET = 6.1;
				OTHER_CFLAGS = "-DNS_BLOCK_ASSERTIONS=1";
				SDKROOT = iphoneos;
				VALIDATE_PRODUCT = YES;
			};
			name = Release;
		};
		29F7D85A1876BE7900FF997A /* Debug */ = {
			isa = XCBuildConfiguration;
			buildSettings = {
				ARCHS = armv7;
				FRAMEWORK_SEARCH_PATHS = "$(HOME)/Library/SDKs/ArcGIS/iOS/**";
				GCC_PRECOMPILE_PREFIX_HEADER = YES;
				GCC_PREFIX_HEADER = "BreguetRoutingPrototype/BreguetRoutingPrototype-Prefix.pch";
				INFOPLIST_FILE = "BreguetRoutingPrototype/BreguetRoutingPrototype-Info.plist";
				OTHER_LDFLAGS = (
					"-all_load",
					"-ObjC",
					"-framework",
					ArcGIS,
				);
				PRODUCT_NAME = "$(TARGET_NAME)";
				VALID_ARCHS = armv7;
				WRAPPER_EXTENSION = app;
			};
			name = Debug;
		};
		29F7D85B1876BE7900FF997A /* Release */ = {
			isa = XCBuildConfiguration;
			buildSettings = {
				ARCHS = armv7;
				FRAMEWORK_SEARCH_PATHS = "$(HOME)/Library/SDKs/ArcGIS/iOS/**";
				GCC_PRECOMPILE_PREFIX_HEADER = YES;
				GCC_PREFIX_HEADER = "BreguetRoutingPrototype/BreguetRoutingPrototype-Prefix.pch";
				INFOPLIST_FILE = "BreguetRoutingPrototype/BreguetRoutingPrototype-Info.plist";
				OTHER_LDFLAGS = (
					"-all_load",
					"-ObjC",
					"-framework",
					ArcGIS,
				);
				PRODUCT_NAME = "$(TARGET_NAME)";
				VALID_ARCHS = armv7;
				WRAPPER_EXTENSION = app;
			};
			name = Release;
		};
/* End XCBuildConfiguration section */

/* Begin XCConfigurationList section */
		29F7D8371876BE7900FF997A /* Build configuration list for PBXProject "BreguetRoutingPrototype" */ = {
			isa = XCConfigurationList;
			buildConfigurations = (
				29F7D8571876BE7900FF997A /* Debug */,
				29F7D8581876BE7900FF997A /* Release */,
			);
			defaultConfigurationIsVisible = 0;
			defaultConfigurationName = Release;
		};
		29F7D8591876BE7900FF997A /* Build configuration list for PBXNativeTarget "BreguetRoutingPrototype" */ = {
			isa = XCConfigurationList;
			buildConfigurations = (
				29F7D85A1876BE7900FF997A /* Debug */,
				29F7D85B1876BE7900FF997A /* Release */,
			);
			defaultConfigurationIsVisible = 0;
			defaultConfigurationName = Release;
		};
/* End XCConfigurationList section */
	};
	rootObject = 29F7D8341876BE7900FF997A /* Project object */;
}
